
Microsoft Visual Studio Solution File, Format Version 12.00
# Visual Studio 14
VisualStudioVersion = 14.0.25420.1
MinimumVisualStudioVersion = 10.0.40219.1
Project("{FAE04EC0-301F-11D3-BF4B-00C04F79EFBC}") = "HaloSharp", "HaloSharp\HaloSharp.csproj", "{5A205D36-6AF7-4416-9763-81250EF02924}"
EndProject
Project("{FAE04EC0-301F-11D3-BF4B-00C04F79EFBC}") = "HaloSharp.Test", "HaloSharp.Test\HaloSharp.Test.csproj", "{3A8E13EA-FD0C-43D7-B4CE-AEF9EA0928D9}"
EndProject
Project("{FAE04EC0-301F-11D3-BF4B-00C04F79EFBC}") = "HaloSharp.Console", "..\Examples\HaloSharp.Console\HaloSharp.Console.csproj", "{8BDA1311-9D60-461C-A2EF-D8AAD6335A8E}"
EndProject
Project("{2150E333-8FDC-42A3-9474-1A3956D46DE8}") = "Examples", "Examples", "{765794F5-05FA-4949-BB2D-E9C4D552EAED}"
EndProject
Global
	GlobalSection(SolutionConfigurationPlatforms) = preSolution
		Debug|Any CPU = Debug|Any CPU
		Release|Any CPU = Release|Any CPU
	EndGlobalSection
	GlobalSection(ProjectConfigurationPlatforms) = postSolution
		{5A205D36-6AF7-4416-9763-81250EF02924}.Debug|Any CPU.ActiveCfg = Debug|Any CPU
		{5A205D36-6AF7-4416-9763-81250EF02924}.Debug|Any CPU.Build.0 = Debug|Any CPU
		{5A205D36-6AF7-4416-9763-81250EF02924}.Release|Any CPU.ActiveCfg = Release|Any CPU
		{5A205D36-6AF7-4416-9763-81250EF02924}.Release|Any CPU.Build.0 = Release|Any CPU
		{3A8E13EA-FD0C-43D7-B4CE-AEF9EA0928D9}.Debug|Any CPU.ActiveCfg = Debug|Any CPU
		{3A8E13EA-FD0C-43D7-B4CE-AEF9EA0928D9}.Debug|Any CPU.Build.0 = Debug|Any CPU
		{3A8E13EA-FD0C-43D7-B4CE-AEF9EA0928D9}.Release|Any CPU.ActiveCfg = Release|Any CPU
		{3A8E13EA-FD0C-43D7-B4CE-AEF9EA0928D9}.Release|Any CPU.Build.0 = Release|Any CPU
		{8BDA1311-9D60-461C-A2EF-D8AAD6335A8E}.Debug|Any CPU.ActiveCfg = Debug|Any CPU
		{8BDA1311-9D60-461C-A2EF-D8AAD6335A8E}.Debug|Any CPU.Build.0 = Debug|Any CPU
		{8BDA1311-9D60-461C-A2EF-D8AAD6335A8E}.Release|Any CPU.ActiveCfg = Release|Any CPU
		{8BDA1311-9D60-461C-A2EF-D8AAD6335A8E}.Release|Any CPU.Build.0 = Release|Any CPU
	EndGlobalSection
	GlobalSection(SolutionProperties) = preSolution
		HideSolutionNode = FALSE
	EndGlobalSection
	GlobalSection(NestedProjects) = preSolution
		{8BDA1311-9D60-461C-A2EF-D8AAD6335A8E} = {765794F5-05FA-4949-BB2D-E9C4D552EAED}
	EndGlobalSection
EndGlobal
